{
  "name": "platform",
  "version": "1.3.5",
  "lockfileVersion": 1,
  "requires": true,
  "dependencies": {
    "docdown": {
      "version": "0.7.2",
      "resolved": "https://registry.npmjs.org/docdown/-/docdown-0.7.2.tgz",
      "integrity": "sha1-+MaPWDaXSGDluxgCvKxSuoo/9nc=",
      "dev": true,
      "requires": {
        "doctrine": "2.0.0",
        "lodash": "4.17.4"
      }
    },
    "doctrine": {
      "version": "2.0.0",
      "resolved": "https://registry.npmjs.org/doctrine/-/doctrine-2.0.0.tgz",
      "integrity": "sha1-xz2NKQnSIpHhoAejlYBNqLZl/mM=",
      "dev": true,
      "requires": {
        "esutils": "2.0.2",
        "isarray": "1.0.0"
      }
    },
    "esutils": {
      "version": "2.0.2",
      "resolved": "https://registry.npmjs.org/esutils/-/esutils-2.0.2.tgz",
      "integrity": "sha1-Cr9PHKpbyx96nYrMbepPqqBLrJs=",
      "dev": true
    },
    "isarray": {
      "version": "1.0.0",
      "resolved": "https://registry.npmjs.org/isarray/-/isarray-1.0.0.tgz",
      "integrity": "sha1-u5NdSFgsuhaMBoNJV6VKPgcSTxE=",
      "dev": true
    },
    "lodash": {
      "version": "4.17.4",
      "resolved": "https://registry.npmjs.org/lodash/-/lodash-4.17.4.tgz",
      "integrity": "sha1-eCA6TRwyiuHYbcpkYONptX9AVa4=",
      "dev": true
    },
    "qunit-extras": {
      "version": "1.5.0",
      "resolved": "https://registry.npmjs.org/qunit-extras/-/qunit-extras-1.5.0.tgz",
      "integrity": "sha1-pk0cUIirIMAcDhsExyEyw5ezlkw=",
      "dev": true
    },
    "qunitjs": {
      "version": "1.23.1",
      "resolved": "https://registry.npmjs.org/qunitjs/-/qunitjs-1.23.1.tgz",
      "integrity": "sha1-GXHPl6yb4Bpk0jFVCNLkjm/U5xk=",
      "dev": true
    },
    "requirejs": {
      "version": "2.3.3",
      "resolved": "https://registry.npmjs.org/requirejs/-/requirejs-2.3.3.tgz",
      "integrity": "sha1-qln9OgKH6vQHlZoTgigES13WpqM=",
      "dev": true
    }
  }
}
