# THIS IS AN AUTOGENERATED FILE. DO NOT EDIT THIS FILE DIRECTLY.
# yarn lockfile v1


docdown@~0.7.2:
  version "0.7.2"
  resolved "https://registry.yarnpkg.com/docdown/-/docdown-0.7.2.tgz#f8c68f5836974860e5bb1802bcac52ba8a3ff677"
  dependencies:
    doctrine "^2.0.0"
    lodash "^4.17.2"

doctrine@^2.0.0:
  version "2.0.0"
  resolved "https://registry.yarnpkg.com/doctrine/-/doctrine-2.0.0.tgz#c73d8d2909d22291e1a007a395804da8b665fe63"
  dependencies:
    esutils "^2.0.2"
    isarray "^1.0.0"

esutils@^2.0.2:
  version "2.0.2"
  resolved "https://registry.yarnpkg.com/esutils/-/esutils-2.0.2.tgz#0abf4f1caa5bcb1f7a9d8acc6dea4faaa04bac9b"

isarray@^1.0.0:
  version "1.0.0"
  resolved "https://registry.yarnpkg.com/isarray/-/isarray-1.0.0.tgz#bb935d48582cba168c06834957a54a3e07124f11"

lodash@^4.17.2:
  version "4.17.4"
  resolved "https://registry.yarnpkg.com/lodash/-/lodash-4.17.4.tgz#78203a4d1c328ae1d86dca6460e369b57f4055ae"

qunit-extras@^1.5.0:
  version "1.5.0"
  resolved "https://registry.yarnpkg.com/qunit-extras/-/qunit-extras-1.5.0.tgz#a64d1c5088ab20c01c0e1b04c72132c397b3964c"

qunitjs@^1.23.1:
  version "1.23.1"
  resolved "https://registry.yarnpkg.com/qunitjs/-/qunitjs-1.23.1.tgz#1971cf97ac9be01a64d2315508d2e48e6fd4e719"

requirejs@^2.3.3:
  version "2.3.3"
  resolved "https://registry.yarnpkg.com/requirejs/-/requirejs-2.3.3.tgz#aa59fd3a0287eaf407959a138228044b5dd6a6a3"
