# THIS IS AN AUTOGENERATED FILE. DO NOT EDIT THIS FILE DIRECTLY.
# yarn lockfile v1
docdown@~0.4.1:
  version "0.4.1"
  resolved "https://registry.yarnpkg.com/docdown/-/docdown-0.4.1.tgz#0c433c0989c5f0d2e511351f9f897098fc3d877c"
  dependencies:
    lodash "^4.1.0"

lodash@^4.1.0:
  version "4.16.4"
  resolved "https://registry.yarnpkg.com/lodash/-/lodash-4.16.4.tgz#01ce306b9bad1319f2a5528674f88297aeb70127"

qunit-extras@^1.5.0:
  version "1.5.0"
  resolved "https://registry.yarnpkg.com/qunit-extras/-/qunit-extras-1.5.0.tgz#a64d1c5088ab20c01c0e1b04c72132c397b3964c"

qunitjs@~1.22.0:
  version "1.22.0"
  resolved "https://registry.yarnpkg.com/qunitjs/-/qunitjs-1.22.0.tgz#374f0f51e4eaaf881284ebfa5fc48bef4c714b67"

requirejs@^2.1.22:
  version "2.3.2"
  resolved "https://registry.yarnpkg.com/requirejs/-/requirejs-2.3.2.tgz#0eaa870d4c7db3b15dd1322e6b65b0388fc4b2c6"

